
Microsoft Visual Studio Solution File, Format Version 12.00
# Visual Studio 15
VisualStudioVersion = 15.0.27130.2010
MinimumVisualStudioVersion = 10.0.40219.1
Project("{FAE04EC0-301F-11D3-BF4B-00C04F79EFBC}") = "Gu.Wpf.ToolTips", "Gu.Wpf.ToolTips\Gu.Wpf.ToolTips.csproj", "{A19FCCD3-AA2A-4736-BE35-FA1A8657D76F}"
EndProject
Project("{9A19103F-16F7-4668-BE54-9A1E7A4F7556}") = "Gu.Wpf.ToolTips.Tests", "Gu.Wpf.ToolTips.Tests\Gu.Wpf.ToolTips.Tests.csproj", "{BF1D9065-1DFC-4039-8897-6D687C5CEBBA}"
EndProject
Project("{FAE04EC0-301F-11D3-BF4B-00C04F79EFBC}") = "Gu.Wpf.ToolTips.Demo", "Gu.Wpf.ToolTips.Demo\Gu.Wpf.ToolTips.Demo.csproj", "{1F04F484-5370-49E0-B95D-C99D631CD642}"
EndProject
Project("{2150E333-8FDC-42A3-9474-1A3956D46DE8}") = ".paket", ".paket", "{BF1D6694-8AAD-4F49-9A1A-9EA345269916}"
	ProjectSection(SolutionItems) = preProject
		appveyor.yml = appveyor.yml
		paket.dependencies = paket.dependencies
		paket.lock = paket.lock
		.paket\paket.targets = .paket\paket.targets
		.paket\Readme.paket.md = .paket\Readme.paket.md
	EndProjectSection
EndProject
Project("{9A19103F-16F7-4668-BE54-9A1E7A4F7556}") = "Gu.Wpf.ToolTips.UiTests", "Gu.Wpf.ToolTips.UiTests\Gu.Wpf.ToolTips.UiTests.csproj", "{B553A962-A81D-403D-A2AD-55AED77CCDA2}"
EndProject
Global
	GlobalSection(SolutionConfigurationPlatforms) = preSolution
		Debug|Any CPU = Debug|Any CPU
		Release|Any CPU = Release|Any CPU
	EndGlobalSection
	GlobalSection(ProjectConfigurationPlatforms) = postSolution
		{A19FCCD3-AA2A-4736-BE35-FA1A8657D76F}.Debug|Any CPU.ActiveCfg = Debug|Any CPU
		{A19FCCD3-AA2A-4736-BE35-FA1A8657D76F}.Debug|Any CPU.Build.0 = Debug|Any CPU
		{A19FCCD3-AA2A-4736-BE35-FA1A8657D76F}.Release|Any CPU.ActiveCfg = Release|Any CPU
		{A19FCCD3-AA2A-4736-BE35-FA1A8657D76F}.Release|Any CPU.Build.0 = Release|Any CPU
		{BF1D9065-1DFC-4039-8897-6D687C5CEBBA}.Debug|Any CPU.ActiveCfg = Debug|Any CPU
		{BF1D9065-1DFC-4039-8897-6D687C5CEBBA}.Debug|Any CPU.Build.0 = Debug|Any CPU
		{BF1D9065-1DFC-4039-8897-6D687C5CEBBA}.Release|Any CPU.ActiveCfg = Release|Any CPU
		{BF1D9065-1DFC-4039-8897-6D687C5CEBBA}.Release|Any CPU.Build.0 = Release|Any CPU
		{1F04F484-5370-49E0-B95D-C99D631CD642}.Debug|Any CPU.ActiveCfg = Debug|Any CPU
		{1F04F484-5370-49E0-B95D-C99D631CD642}.Debug|Any CPU.Build.0 = Debug|Any CPU
		{1F04F484-5370-49E0-B95D-C99D631CD642}.Release|Any CPU.ActiveCfg = Release|Any CPU
		{1F04F484-5370-49E0-B95D-C99D631CD642}.Release|Any CPU.Build.0 = Release|Any CPU
		{B553A962-A81D-403D-A2AD-55AED77CCDA2}.Debug|Any CPU.ActiveCfg = Debug|Any CPU
		{B553A962-A81D-403D-A2AD-55AED77CCDA2}.Debug|Any CPU.Build.0 = Debug|Any CPU
		{B553A962-A81D-403D-A2AD-55AED77CCDA2}.Release|Any CPU.ActiveCfg = Release|Any CPU
		{B553A962-A81D-403D-A2AD-55AED77CCDA2}.Release|Any CPU.Build.0 = Release|Any CPU
	EndGlobalSection
	GlobalSection(SolutionProperties) = preSolution
		HideSolutionNode = FALSE
	EndGlobalSection
	GlobalSection(ExtensibilityGlobals) = postSolution
		SolutionGuid = {6EE6B359-9240-453E-B060-1397DBD579D2}
	EndGlobalSection
EndGlobal
